<?xml version="1.0" encoding="utf-8"?>
<Project ToolsVersion="4.0" xmlns="http://schemas.microsoft.com/developer/msbuild/2003">
  <ItemGroup>
    <Filter Include="소스 파일">
      <UniqueIdentifier>{4FC737F1-C7A5-4376-A066-2A32D752A2FF}</UniqueIdentifier>
      <Extensions>cpp;c;cc;cxx;c++;def;odl;idl;hpj;bat;asm;asmx</Extensions>
    </Filter>
    <Filter Include="리소스 파일">
      <UniqueIdentifier>{67DA6AB6-F800-4c08-8B7A-83BB121AAD01}</UniqueIdentifier>
      <Extensions>rc;ico;cur;bmp;dlg;rc2;rct;bin;rgs;gif;jpg;jpeg;jpe;resx;tiff;tif;png;wav;mfcribbon-ms</Extensions>
    </Filter>
    <Filter Include="소스 파일\Framework">
      <UniqueIdentifier>{45cf812f-c961-48bc-8df7-8158481cab34}</UniqueIdentifier>
    </Filter>
    <Filter Include="소스 파일\Gameobject">
      <UniqueIdentifier>{042a6b7a-4ee4-49ce-aa87-f3842b753c63}</UniqueIdentifier>
    </Filter>
    <Filter Include="소스 파일\Main">
      <UniqueIdentifier>{01cbb91e-24ee-4981-9b98-d7cb15338501}</UniqueIdentifier>
    </Filter>
    <Filter Include="소스 파일\Main\stdafx">
      <UniqueIdentifier>{ca708456-884a-4cd6-81f3-c6dcbf520799}</UniqueIdentifier>
    </Filter>
    <Filter Include="소스 파일\Util">
      <UniqueIdentifier>{77dc0e48-f002-4e10-98d4-bc2292c53281}</UniqueIdentifier>
    </Filter>
    <Filter Include="소스 파일\Communication">
      <UniqueIdentifier>{b15b2e92-cce1-418d-9ec4-e6d6c4cb9970}</UniqueIdentifier>
    </Filter>
    <Filter Include="소스 파일\Scene">
      <UniqueIdentifier>{935807e5-2a1e-4de9-8e80-9e795f780e80}</UniqueIdentifier>
    </Filter>
    <Filter Include="소스 파일\Scene\Game">
      <UniqueIdentifier>{6ff26140-a230-4d1d-af44-b5d81711958e}</UniqueIdentifier>
    </Filter>
    <Filter Include="소스 파일\Scene\Test">
      <UniqueIdentifier>{356b72fd-94e7-4c22-a8e7-80d38f36cd92}</UniqueIdentifier>
    </Filter>
    <Filter Include="소스 파일\Scene\Title">
      <UniqueIdentifier>{75571a3d-8a5d-4e16-b8d4-3545a3561ccf}</UniqueIdentifier>
    </Filter>
  </ItemGroup>
  <ItemGroup>
    <ClInclude Include="Framework.h">
      <Filter>소스 파일\Framework</Filter>
    </ClInclude>
    <ClInclude Include="GameObject.h">
      <Filter>소스 파일\Gameobject</Filter>
    </ClInclude>
    <ClInclude Include="Main.h">
      <Filter>소스 파일\Main</Filter>
    </ClInclude>
    <ClInclude Include="Resource.h">
      <Filter>소스 파일\Main\stdafx</Filter>
    </ClInclude>
    <ClInclude Include="stdafx.h">
      <Filter>소스 파일\Main\stdafx</Filter>
    </ClInclude>
    <ClInclude Include="targetver.h">
      <Filter>소스 파일\Main\stdafx</Filter>
    </ClInclude>
    <ClInclude Include="Vector2D.h">
      <Filter>소스 파일\Util</Filter>
    </ClInclude>
    <ClInclude Include="..\..\Server\TP_Server\protocol.h">
      <Filter>소스 파일\Communication</Filter>
    </ClInclude>
    <ClInclude Include="Scene.h">
      <Filter>소스 파일\Scene</Filter>
    </ClInclude>
    <ClInclude Include="GameScene.h">
      <Filter>소스 파일\Scene\Game</Filter>
    </ClInclude>
    <ClInclude Include="TestScene.h">
      <Filter>소스 파일\Scene\Test</Filter>
    </ClInclude>
    <ClInclude Include="TitleScene.h">
      <Filter>소스 파일\Scene\Title</Filter>
    </ClInclude>
  </ItemGroup>
  <ItemGroup>
    <ClCompile Include="Framework.cpp">
      <Filter>소스 파일\Framework</Filter>
    </ClCompile>
    <ClCompile Include="GameObject.cpp">
      <Filter>소스 파일\Gameobject</Filter>
    </ClCompile>
    <ClCompile Include="Main.cpp">
      <Filter>소스 파일\Main</Filter>
    </ClCompile>
    <ClCompile Include="stdafx.cpp">
      <Filter>소스 파일\Main\stdafx</Filter>
    </ClCompile>
    <ClCompile Include="Scene.cpp">
      <Filter>소스 파일\Scene</Filter>
    </ClCompile>
    <ClCompile Include="GameScene.cpp">
      <Filter>소스 파일\Scene\Game</Filter>
    </ClCompile>
    <ClCompile Include="TestScene.cpp">
      <Filter>소스 파일\Scene\Test</Filter>
    </ClCompile>
    <ClCompile Include="TitleScene.cpp">
      <Filter>소스 파일\Scene\Title</Filter>
    </ClCompile>
  </ItemGroup>
  <ItemGroup>
    <ResourceCompile Include="ChessClient.rc">
      <Filter>리소스 파일</Filter>
    </ResourceCompile>
  </ItemGroup>
  <ItemGroup>
    <Image Include="small.ico">
      <Filter>리소스 파일</Filter>
    </Image>
    <Image Include="ChessClient.ico">
      <Filter>리소스 파일</Filter>
    </Image>
  </ItemGroup>
</Project>